
Microsoft Visual Studio Solution File, Format Version 12.00
# Visual Studio Version 17
VisualStudioVersion = 17.2.32630.192
MinimumVisualStudioVersion = 10.0.40219.1
Project("{FAE04EC0-301F-11D3-BF4B-00C04F79EFBC}") = "TravelRecordApp.Android", "TravelRecordApp\TravelRecordApp.Android\TravelRecordApp.Android.csproj", "{9744D5F6-CFFF-4E21-BF45-9F34857D1C12}"
EndProject
Project("{FAE04EC0-301F-11D3-BF4B-00C04F79EFBC}") = "TravelRecordApp.iOS", "TravelRecordApp\TravelRecordApp.iOS\TravelRecordApp.iOS.csproj", "{3DE7D97E-04B3-4CAA-AABB-2715FCBA569C}"
EndProject
Project("{FAE04EC0-301F-11D3-BF4B-00C04F79EFBC}") = "TravelRecordApp", "TravelRecordApp\TravelRecordApp\TravelRecordApp.csproj", "{0BF56480-9520-4BCA-B65A-88503F1CD0BE}"
EndProject
Global
	GlobalSection(SolutionConfigurationPlatforms) = preSolution
		Debug|Any CPU = Debug|Any CPU
		Debug|iPhone = Debug|iPhone
		Debug|iPhoneSimulator = Debug|iPhoneSimulator
		Release|Any CPU = Release|Any CPU
		Release|iPhone = Release|iPhone
		Release|iPhoneSimulator = Release|iPhoneSimulator
	EndGlobalSection
	GlobalSection(ProjectConfigurationPlatforms) = postSolution
		{9744D5F6-CFFF-4E21-BF45-9F34857D1C12}.Debug|Any CPU.ActiveCfg = Debug|Any CPU
		{9744D5F6-CFFF-4E21-BF45-9F34857D1C12}.Debug|Any CPU.Build.0 = Debug|Any CPU
		{9744D5F6-CFFF-4E21-BF45-9F34857D1C12}.Debug|Any CPU.Deploy.0 = Debug|Any CPU
		{9744D5F6-CFFF-4E21-BF45-9F34857D1C12}.Debug|iPhone.ActiveCfg = Debug|Any CPU
		{9744D5F6-CFFF-4E21-BF45-9F34857D1C12}.Debug|iPhone.Build.0 = Debug|Any CPU
		{9744D5F6-CFFF-4E21-BF45-9F34857D1C12}.Debug|iPhone.Deploy.0 = Debug|Any CPU
		{9744D5F6-CFFF-4E21-BF45-9F34857D1C12}.Debug|iPhoneSimulator.ActiveCfg = Debug|Any CPU
		{9744D5F6-CFFF-4E21-BF45-9F34857D1C12}.Debug|iPhoneSimulator.Build.0 = Debug|Any CPU
		{9744D5F6-CFFF-4E21-BF45-9F34857D1C12}.Debug|iPhoneSimulator.Deploy.0 = Debug|Any CPU
		{9744D5F6-CFFF-4E21-BF45-9F34857D1C12}.Release|Any CPU.ActiveCfg = Release|Any CPU
		{9744D5F6-CFFF-4E21-BF45-9F34857D1C12}.Release|Any CPU.Build.0 = Release|Any CPU
		{9744D5F6-CFFF-4E21-BF45-9F34857D1C12}.Release|Any CPU.Deploy.0 = Release|Any CPU
		{9744D5F6-CFFF-4E21-BF45-9F34857D1C12}.Release|iPhone.ActiveCfg = Release|Any CPU
		{9744D5F6-CFFF-4E21-BF45-9F34857D1C12}.Release|iPhone.Build.0 = Release|Any CPU
		{9744D5F6-CFFF-4E21-BF45-9F34857D1C12}.Release|iPhone.Deploy.0 = Release|Any CPU
		{9744D5F6-CFFF-4E21-BF45-9F34857D1C12}.Release|iPhoneSimulator.ActiveCfg = Release|Any CPU
		{9744D5F6-CFFF-4E21-BF45-9F34857D1C12}.Release|iPhoneSimulator.Build.0 = Release|Any CPU
		{9744D5F6-CFFF-4E21-BF45-9F34857D1C12}.Release|iPhoneSimulator.Deploy.0 = Release|Any CPU
		{3DE7D97E-04B3-4CAA-AABB-2715FCBA569C}.Debug|Any CPU.ActiveCfg = Debug|iPhone
		{3DE7D97E-04B3-4CAA-AABB-2715FCBA569C}.Debug|Any CPU.Build.0 = Debug|iPhone
		{3DE7D97E-04B3-4CAA-AABB-2715FCBA569C}.Debug|Any CPU.Deploy.0 = Debug|iPhone
		{3DE7D97E-04B3-4CAA-AABB-2715FCBA569C}.Debug|iPhone.ActiveCfg = Debug|iPhone
		{3DE7D97E-04B3-4CAA-AABB-2715FCBA569C}.Debug|iPhone.Build.0 = Debug|iPhone
		{3DE7D97E-04B3-4CAA-AABB-2715FCBA569C}.Debug|iPhone.Deploy.0 = Debug|iPhone
		{3DE7D97E-04B3-4CAA-AABB-2715FCBA569C}.Debug|iPhoneSimulator.ActiveCfg = Debug|iPhoneSimulator
		{3DE7D97E-04B3-4CAA-AABB-2715FCBA569C}.Debug|iPhoneSimulator.Build.0 = Debug|iPhoneSimulator
		{3DE7D97E-04B3-4CAA-AABB-2715FCBA569C}.Debug|iPhoneSimulator.Deploy.0 = Debug|iPhoneSimulator
		{3DE7D97E-04B3-4CAA-AABB-2715FCBA569C}.Release|Any CPU.ActiveCfg = Release|iPhoneSimulator
		{3DE7D97E-04B3-4CAA-AABB-2715FCBA569C}.Release|Any CPU.Build.0 = Release|iPhoneSimulator
		{3DE7D97E-04B3-4CAA-AABB-2715FCBA569C}.Release|Any CPU.Deploy.0 = Release|iPhoneSimulator
		{3DE7D97E-04B3-4CAA-AABB-2715FCBA569C}.Release|iPhone.ActiveCfg = Release|iPhone
		{3DE7D97E-04B3-4CAA-AABB-2715FCBA569C}.Release|iPhone.Build.0 = Release|iPhone
		{3DE7D97E-04B3-4CAA-AABB-2715FCBA569C}.Release|iPhone.Deploy.0 = Release|iPhone
		{3DE7D97E-04B3-4CAA-AABB-2715FCBA569C}.Release|iPhoneSimulator.ActiveCfg = Release|iPhoneSimulator
		{3DE7D97E-04B3-4CAA-AABB-2715FCBA569C}.Release|iPhoneSimulator.Build.0 = Release|iPhoneSimulator
		{3DE7D97E-04B3-4CAA-AABB-2715FCBA569C}.Release|iPhoneSimulator.Deploy.0 = Release|iPhoneSimulator
		{0BF56480-9520-4BCA-B65A-88503F1CD0BE}.Debug|Any CPU.ActiveCfg = Debug|Any CPU
		{0BF56480-9520-4BCA-B65A-88503F1CD0BE}.Debug|Any CPU.Build.0 = Debug|Any CPU
		{0BF56480-9520-4BCA-B65A-88503F1CD0BE}.Debug|Any CPU.Deploy.0 = Debug|Any CPU
		{0BF56480-9520-4BCA-B65A-88503F1CD0BE}.Debug|iPhone.ActiveCfg = Debug|Any CPU
		{0BF56480-9520-4BCA-B65A-88503F1CD0BE}.Debug|iPhone.Build.0 = Debug|Any CPU
		{0BF56480-9520-4BCA-B65A-88503F1CD0BE}.Debug|iPhone.Deploy.0 = Debug|Any CPU
		{0BF56480-9520-4BCA-B65A-88503F1CD0BE}.Debug|iPhoneSimulator.ActiveCfg = Debug|Any CPU
		{0BF56480-9520-4BCA-B65A-88503F1CD0BE}.Debug|iPhoneSimulator.Build.0 = Debug|Any CPU
		{0BF56480-9520-4BCA-B65A-88503F1CD0BE}.Debug|iPhoneSimulator.Deploy.0 = Debug|Any CPU
		{0BF56480-9520-4BCA-B65A-88503F1CD0BE}.Release|Any CPU.ActiveCfg = Release|Any CPU
		{0BF56480-9520-4BCA-B65A-88503F1CD0BE}.Release|Any CPU.Build.0 = Release|Any CPU
		{0BF56480-9520-4BCA-B65A-88503F1CD0BE}.Release|Any CPU.Deploy.0 = Release|Any CPU
		{0BF56480-9520-4BCA-B65A-88503F1CD0BE}.Release|iPhone.ActiveCfg = Release|Any CPU
		{0BF56480-9520-4BCA-B65A-88503F1CD0BE}.Release|iPhone.Build.0 = Release|Any CPU
		{0BF56480-9520-4BCA-B65A-88503F1CD0BE}.Release|iPhone.Deploy.0 = Release|Any CPU
		{0BF56480-9520-4BCA-B65A-88503F1CD0BE}.Release|iPhoneSimulator.ActiveCfg = Release|Any CPU
		{0BF56480-9520-4BCA-B65A-88503F1CD0BE}.Release|iPhoneSimulator.Build.0 = Release|Any CPU
		{0BF56480-9520-4BCA-B65A-88503F1CD0BE}.Release|iPhoneSimulator.Deploy.0 = Release|Any CPU
	EndGlobalSection
	GlobalSection(SolutionProperties) = preSolution
		HideSolutionNode = FALSE
	EndGlobalSection
	GlobalSection(ExtensibilityGlobals) = postSolution
		SolutionGuid = {A22F89B2-2336-4FFE-B1F5-C57D923CEA52}
	EndGlobalSection
EndGlobal
